# This file is automatically @generated by Cargo.
# It is not intended for manual editing.
version = 4

[[package]]
name = "xchonnect-conformance"
version = "0.1.0"

[[package]]
name = "xchonnect-core"
version = "0.1.0"

[[package]]
name = "xchonnect-gateway"
version = "0.1.0"

[[package]]
name = "xchonnect-relay"
version = "0.1.0"

[[package]]
name = "xchonnect-uniffi"
version = "0.1.0"

[[package]]
name = "xchonnect-wallet-cli"
version = "0.1.0"

[[package]]
name = "xchonnect-wallet-kit"
version = "0.1.0"

[[package]]
name = "xchonnect-wasm"
version = "0.1.0"
